
Microsoft Visual Studio Solution File, Format Version 12.00
# Visual Studio 15
VisualStudioVersion = 15.0.28307.572
MinimumVisualStudioVersion = 10.0.40219.1
Project("{FAE04EC0-301F-11D3-BF4B-00C04F79EFBC}") = "LiveTracker.Backend", "LiveTracker.Backend\LiveTracker.Backend.csproj", "{BC97ECBB-DB35-4FDF-8F2D-7EB04B2E86DD}"
EndProject
Global
	GlobalSection(SolutionConfigurationPlatforms) = preSolution
		Debug|Any CPU = Debug|Any CPU
		Release|Any CPU = Release|Any CPU
	EndGlobalSection
	GlobalSection(ProjectConfigurationPlatforms) = postSolution
		{BC97ECBB-DB35-4FDF-8F2D-7EB04B2E86DD}.Debug|Any CPU.ActiveCfg = Debug|Any CPU
		{BC97ECBB-DB35-4FDF-8F2D-7EB04B2E86DD}.Debug|Any CPU.Build.0 = Debug|Any CPU
		{BC97ECBB-DB35-4FDF-8F2D-7EB04B2E86DD}.Release|Any CPU.ActiveCfg = Release|Any CPU
		{BC97ECBB-DB35-4FDF-8F2D-7EB04B2E86DD}.Release|Any CPU.Build.0 = Release|Any CPU
	EndGlobalSection
	GlobalSection(SolutionProperties) = preSolution
		HideSolutionNode = FALSE
	EndGlobalSection
	GlobalSection(ExtensibilityGlobals) = postSolution
		SolutionGuid = {15C2F448-BB0F-46F3-BA44-16862138C945}
	EndGlobalSection
EndGlobal
